// !$*UTF8*$!
{
	archiveVersion = 1;
	classes = {
	};
	objectVersion = 50;
	objects = {

/* Begin PBXBuildFile section */
		227B78DF21195D4100C15454 /* AppDelegate.m in Sources */ = {isa = PBXBuildFile; fileRef = 227B78DE21195D4100C15454 /* AppDelegate.m */; };
		227B78E121195D4200C15454 /* GameScene.sks in Resources */ = {isa = PBXBuildFile; fileRef = 227B78E021195D4200C15454 /* GameScene.sks */; };
		227B78E321195D4200C15454 /* Actions.sks in Resources */ = {isa = PBXBuildFile; fileRef = 227B78E221195D4200C15454 /* Actions.sks */; };
		227B78E621195D4200C15454 /* GameScene.m in Sources */ = {isa = PBXBuildFile; fileRef = 227B78E521195D4200C15454 /* GameScene.m */; };
		227B78E921195D4200C15454 /* ViewController.m in Sources */ = {isa = PBXBuildFile; fileRef = 227B78E821195D4200C15454 /* ViewController.m */; };
		227B78EB21195D4300C15454 /* Assets.xcassets in Resources */ = {isa = PBXBuildFile; fileRef = 227B78EA21195D4300C15454 /* Assets.xcassets */; };
		227B78EE21195D4300C15454 /* Main.storyboard in Resources */ = {isa = PBXBuildFile; fileRef = 227B78EC21195D4300C15454 /* Main.storyboard */; };
		227B78F121195D4300C15454 /* main.m in Sources */ = {isa = PBXBuildFile; fileRef = 227B78F021195D4300C15454 /* main.m */; };
		227B78FC21195D4300C15454 /* _808TestGame_ObjCTests.m in Sources */ = {isa = PBXBuildFile; fileRef = 227B78FB21195D4300C15454 /* _808TestGame_ObjCTests.m */; };
		227B790721195D4400C15454 /* _808TestGame_ObjCUITests.m in Sources */ = {isa = PBXBuildFile; fileRef = 227B790621195D4400C15454 /* _808TestGame_ObjCUITests.m */; };
/* End PBXBuildFile section */

/* Begin PBXContainerItemProxy section */
		227B78F821195D4300C15454 /* PBXContainerItemProxy */ = {
			isa = PBXContainerItemProxy;
			containerPortal = 227B78D221195D4100C15454 /* Project object */;
			proxyType = 1;
			remoteGlobalIDString = 227B78D921195D4100C15454;
			remoteInfo = "1808TestGame-ObjC";
		};
		227B790321195D4400C15454 /* PBXContainerItemProxy */ = {
			isa = PBXContainerItemProxy;
			containerPortal = 227B78D221195D4100C15454 /* Project object */;
			proxyType = 1;
			remoteGlobalIDString = 227B78D921195D4100C15454;
			remoteInfo = "1808TestGame-ObjC";
		};
/* End PBXContainerItemProxy section */

/* Begin PBXFileReference section */
		227B78DA21195D4100C15454 /* 1808TestGame-ObjC.app */ = {isa = PBXFileReference; explicitFileType = wrapper.application; includeInIndex = 0; path = "1808TestGame-ObjC.app"; sourceTree = BUILT_PRODUCTS_DIR; };
		227B78DD21195D4100C15454 /* AppDelegate.h */ = {isa = PBXFileReference; lastKnownFileType = sourcecode.c.h; path = AppDelegate.h; sourceTree = "<group>"; };
		227B78DE21195D4100C15454 /* AppDelegate.m */ = {isa = PBXFileReference; lastKnownFileType = sourcecode.c.objc; path = AppDelegate.m; sourceTree = "<group>"; };
		227B78E021195D4200C15454 /* GameScene.sks */ = {isa = PBXFileReference; lastKnownFileType = file.sks; path = GameScene.sks; sourceTree = "<group>"; };
		227B78E221195D4200C15454 /* Actions.sks */ = {isa = PBXFileReference; lastKnownFileType = file.sks; path = Actions.sks; sourceTree = "<group>"; };
		227B78E421195D4200C15454 /* GameScene.h */ = {isa = PBXFileReference; lastKnownFileType = sourcecode.c.h; path = GameScene.h; sourceTree = "<group>"; };
		227B78E521195D4200C15454 /* GameScene.m */ = {isa = PBXFileReference; lastKnownFileType = sourcecode.c.objc; path = GameScene.m; sourceTree = "<group>"; };
		227B78E721195D4200C15454 /* ViewController.h */ = {isa = PBXFileReference; lastKnownFileType = sourcecode.c.h; path = ViewController.h; sourceTree = "<group>"; };
		227B78E821195D4200C15454 /* ViewController.m */ = {isa = PBXFileReference; lastKnownFileType = sourcecode.c.objc; path = ViewController.m; sourceTree = "<group>"; };
		227B78EA21195D4300C15454 /* Assets.xcassets */ = {isa = PBXFileReference; lastKnownFileType = folder.assetcatalog; path = Assets.xcassets; sourceTree = "<group>"; };
		227B78ED21195D4300C15454 /* Base */ = {isa = PBXFileReference; lastKnownFileType = file.storyboard; name = Base; path = Base.lproj/Main.storyboard; sourceTree = "<group>"; };
		227B78EF21195D4300C15454 /* Info.plist */ = {isa = PBXFileReference; lastKnownFileType = text.plist.xml; path = Info.plist; sourceTree = "<group>"; };
		227B78F021195D4300C15454 /* main.m */ = {isa = PBXFileReference; lastKnownFileType = sourcecode.c.objc; path = main.m; sourceTree = "<group>"; };
		227B78F221195D4300C15454 /* _808TestGame_ObjC.entitlements */ = {isa = PBXFileReference; lastKnownFileType = text.plist.entitlements; path = _808TestGame_ObjC.entitlements; sourceTree = "<group>"; };
		227B78F721195D4300C15454 /* 1808TestGame-ObjCTests.xctest */ = {isa = PBXFileReference; explicitFileType = wrapper.cfbundle; includeInIndex = 0; path = "1808TestGame-ObjCTests.xctest"; sourceTree = BUILT_PRODUCTS_DIR; };
		227B78FB21195D4300C15454 /* _808TestGame_ObjCTests.m */ = {isa = PBXFileReference; lastKnownFileType = sourcecode.c.objc; path = _808TestGame_ObjCTests.m; sourceTree = "<group>"; };
		227B78FD21195D4300C15454 /* Info.plist */ = {isa = PBXFileReference; lastKnownFileType = text.plist.xml; path = Info.plist; sourceTree = "<group>"; };
		227B790221195D4400C15454 /* 1808TestGame-ObjCUITests.xctest */ = {isa = PBXFileReference; explicitFileType = wrapper.cfbundle; includeInIndex = 0; path = "1808TestGame-ObjCUITests.xctest"; sourceTree = BUILT_PRODUCTS_DIR; };
		227B790621195D4400C15454 /* _808TestGame_ObjCUITests.m */ = {isa = PBXFileReference; lastKnownFileType = sourcecode.c.objc; path = _808TestGame_ObjCUITests.m; sourceTree = "<group>"; };
		227B790821195D4400C15454 /* Info.plist */ = {isa = PBXFileReference; lastKnownFileType = text.plist.xml; path = Info.plist; sourceTree = "<group>"; };
/* End PBXFileReference section */

/* Begin PBXFrameworksBuildPhase section */
		227B78D721195D4100C15454 /* Frameworks */ = {
			isa = PBXFrameworksBuildPhase;
			buildActionMask = 2147483647;
			files = (
			);
			runOnlyForDeploymentPostprocessing = 0;
		};
		227B78F421195D4300C15454 /* Frameworks */ = {
			isa = PBXFrameworksBuildPhase;
			buildActionMask = 2147483647;
			files = (
			);
			runOnlyForDeploymentPostprocessing = 0;
		};
		227B78FF21195D4400C15454 /* Frameworks */ = {
			isa = PBXFrameworksBuildPhase;
			buildActionMask = 2147483647;
			files = (
			);
			runOnlyForDeploymentPostprocessing = 0;
		};
/* End PBXFrameworksBuildPhase section */

/* Begin PBXGroup section */
		227B78D121195D4100C15454 = {
			isa = PBXGroup;
			children = (
				227B78DC21195D4100C15454 /* 1808TestGame-ObjC */,
				227B78FA21195D4300C15454 /* 1808TestGame-ObjCTests */,
				227B790521195D4400C15454 /* 1808TestGame-ObjCUITests */,
				227B78DB21195D4100C15454 /* Products */,
			);
			sourceTree = "<group>";
		};
		227B78DB21195D4100C15454 /* Products */ = {
			isa = PBXGroup;
			children = (
				227B78DA21195D4100C15454 /* 1808TestGame-ObjC.app */,
				227B78F721195D4300C15454 /* 1808TestGame-ObjCTests.xctest */,
				227B790221195D4400C15454 /* 1808TestGame-ObjCUITests.xctest */,
			);
			name = Products;
			sourceTree = "<group>";
		};
		227B78DC21195D4100C15454 /* 1808TestGame-ObjC */ = {
			isa = PBXGroup;
			children = (
				227B78DD21195D4100C15454 /* AppDelegate.h */,
				227B78DE21195D4100C15454 /* AppDelegate.m */,
				227B78E021195D4200C15454 /* GameScene.sks */,
				227B78E221195D4200C15454 /* Actions.sks */,
				227B78E421195D4200C15454 /* GameScene.h */,
				227B78E521195D4200C15454 /* GameScene.m */,
				227B78E721195D4200C15454 /* ViewController.h */,
				227B78E821195D4200C15454 /* ViewController.m */,
				227B78EA21195D4300C15454 /* Assets.xcassets */,
				227B78EC21195D4300C15454 /* Main.storyboard */,
				227B78EF21195D4300C15454 /* Info.plist */,
				227B78F021195D4300C15454 /* main.m */,
				227B78F221195D4300C15454 /* _808TestGame_ObjC.entitlements */,
			);
			path = "1808TestGame-ObjC";
			sourceTree = "<group>";
		};
		227B78FA21195D4300C15454 /* 1808TestGame-ObjCTests */ = {
			isa = PBXGroup;
			children = (
				227B78FB21195D4300C15454 /* _808TestGame_ObjCTests.m */,
				227B78FD21195D4300C15454 /* Info.plist */,
			);
			path = "1808TestGame-ObjCTests";
			sourceTree = "<group>";
		};
		227B790521195D4400C15454 /* 1808TestGame-ObjCUITests */ = {
			isa = PBXGroup;
			children = (
				227B790621195D4400C15454 /* _808TestGame_ObjCUITests.m */,
				227B790821195D4400C15454 /* Info.plist */,
			);
			path = "1808TestGame-ObjCUITests";
			sourceTree = "<group>";
		};
/* End PBXGroup section */

/* Begin PBXNativeTarget section */
		227B78D921195D4100C15454 /* 1808TestGame-ObjC */ = {
			isa = PBXNativeTarget;
			buildConfigurationList = 227B790B21195D4400C15454 /* Build configuration list for PBXNativeTarget "1808TestGame-ObjC" */;
			buildPhases = (
				227B78D621195D4100C15454 /* Sources */,
				227B78D721195D4100C15454 /* Frameworks */,
				227B78D821195D4100C15454 /* Resources */,
			);
			buildRules = (
			);
			dependencies = (
			);
			name = "1808TestGame-ObjC";
			productName = "1808TestGame-ObjC";
			productReference = 227B78DA21195D4100C15454 /* 1808TestGame-ObjC.app */;
			productType = "com.apple.product-type.application";
		};
		227B78F621195D4300C15454 /* 1808TestGame-ObjCTests */ = {
			isa = PBXNativeTarget;
			buildConfigurationList = 227B790E21195D4400C15454 /* Build configuration list for PBXNativeTarget "1808TestGame-ObjCTests" */;
			buildPhases = (
				227B78F321195D4300C15454 /* Sources */,
				227B78F421195D4300C15454 /* Frameworks */,
				227B78F521195D4300C15454 /* Resources */,
			);
			buildRules = (
			);
			dependencies = (
				227B78F921195D4300C15454 /* PBXTargetDependency */,
			);
			name = "1808TestGame-ObjCTests";
			productName = "1808TestGame-ObjCTests";
			productReference = 227B78F721195D4300C15454 /* 1808TestGame-ObjCTests.xctest */;
			productType = "com.apple.product-type.bundle.unit-test";
		};
		227B790121195D4400C15454 /* 1808TestGame-ObjCUITests */ = {
			isa = PBXNativeTarget;
			buildConfigurationList = 227B791121195D4400C15454 /* Build configuration list for PBXNativeTarget "1808TestGame-ObjCUITests" */;
			buildPhases = (
				227B78FE21195D4400C15454 /* Sources */,
				227B78FF21195D4400C15454 /* Frameworks */,
				227B790021195D4400C15454 /* Resources */,
			);
			buildRules = (
			);
			dependencies = (
				227B790421195D4400C15454 /* PBXTargetDependency */,
			);
			name = "1808TestGame-ObjCUITests";
			productName = "1808TestGame-ObjCUITests";
			productReference = 227B790221195D4400C15454 /* 1808TestGame-ObjCUITests.xctest */;
			productType = "com.apple.product-type.bundle.ui-testing";
		};
/* End PBXNativeTarget section */

/* Begin PBXProject section */
		227B78D221195D4100C15454 /* Project object */ = {
			isa = PBXProject;
			attributes = {
				LastUpgradeCheck = 0940;
				ORGANIZATIONNAME = "Carl Turner";
				TargetAttributes = {
					227B78D921195D4100C15454 = {
						CreatedOnToolsVersion = 9.4.1;
					};
					227B78F621195D4300C15454 = {
						CreatedOnToolsVersion = 9.4.1;
						TestTargetID = 227B78D921195D4100C15454;
					};
					227B790121195D4400C15454 = {
						CreatedOnToolsVersion = 9.4.1;
						TestTargetID = 227B78D921195D4100C15454;
					};
				};
			};
			buildConfigurationList = 227B78D521195D4100C15454 /* Build configuration list for PBXProject "1808TestGame-ObjC" */;
			compatibilityVersion = "Xcode 9.3";
			developmentRegion = en;
			hasScannedForEncodings = 0;
			knownRegions = (
				en,
				Base,
			);
			mainGroup = 227B78D121195D4100C15454;
			productRefGroup = 227B78DB21195D4100C15454 /* Products */;
			projectDirPath = "";
			projectRoot = "";
			targets = (
				227B78D921195D4100C15454 /* 1808TestGame-ObjC */,
				227B78F621195D4300C15454 /* 1808TestGame-ObjCTests */,
				227B790121195D4400C15454 /* 1808TestGame-ObjCUITests */,
			);
		};
/* End PBXProject section */

/* Begin PBXResourcesBuildPhase section */
		227B78D821195D4100C15454 /* Resources */ = {
			isa = PBXResourcesBuildPhase;
			buildActionMask = 2147483647;
			files = (
				227B78E121195D4200C15454 /* GameScene.sks in Resources */,
				227B78EB21195D4300C15454 /* Assets.xcassets in Resources */,
				227B78E321195D4200C15454 /* Actions.sks in Resources */,
				227B78EE21195D4300C15454 /* Main.storyboard in Resources */,
			);
			runOnlyForDeploymentPostprocessing = 0;
		};
		227B78F521195D4300C15454 /* Resources */ = {
			isa = PBXResourcesBuildPhase;
			buildActionMask = 2147483647;
			files = (
			);
			runOnlyForDeploymentPostprocessing = 0;
		};
		227B790021195D4400C15454 /* Resources */ = {
			isa = PBXResourcesBuildPhase;
			buildActionMask = 2147483647;
			files = (
			);
			runOnlyForDeploymentPostprocessing = 0;
		};
/* End PBXResourcesBuildPhase section */

/* Begin PBXSourcesBuildPhase section */
		227B78D621195D4100C15454 /* Sources */ = {
			isa = PBXSourcesBuildPhase;
			buildActionMask = 2147483647;
			files = (
				227B78E921195D4200C15454 /* ViewController.m in Sources */,
				227B78E621195D4200C15454 /* GameScene.m in Sources */,
				227B78F121195D4300C15454 /* main.m in Sources */,
				227B78DF21195D4100C15454 /* AppDelegate.m in Sources */,
			);
			runOnlyForDeploymentPostprocessing = 0;
		};
		227B78F321195D4300C15454 /* Sources */ = {
			isa = PBXSourcesBuildPhase;
			buildActionMask = 2147483647;
			files = (
				227B78FC21195D4300C15454 /* _808TestGame_ObjCTests.m in Sources */,
			);
			runOnlyForDeploymentPostprocessing = 0;
		};
		227B78FE21195D4400C15454 /* Sources */ = {
			isa = PBXSourcesBuildPhase;
			buildActionMask = 2147483647;
			files = (
				227B790721195D4400C15454 /* _808TestGame_ObjCUITests.m in Sources */,
			);
			runOnlyForDeploymentPostprocessing = 0;
		};
/* End PBXSourcesBuildPhase section */

/* Begin PBXTargetDependency section */
		227B78F921195D4300C15454 /* PBXTargetDependency */ = {
			isa = PBXTargetDependency;
			target = 227B78D921195D4100C15454 /* 1808TestGame-ObjC */;
			targetProxy = 227B78F821195D4300C15454 /* PBXContainerItemProxy */;
		};
		227B790421195D4400C15454 /* PBXTargetDependency */ = {
			isa = PBXTargetDependency;
			target = 227B78D921195D4100C15454 /* 1808TestGame-ObjC */;
			targetProxy = 227B790321195D4400C15454 /* PBXContainerItemProxy */;
		};
/* End PBXTargetDependency section */

/* Begin PBXVariantGroup section */
		227B78EC21195D4300C15454 /* Main.storyboard */ = {
			isa = PBXVariantGroup;
			children = (
				227B78ED21195D4300C15454 /* Base */,
			);
			name = Main.storyboard;
			sourceTree = "<group>";
		};
/* End PBXVariantGroup section */

/* Begin XCBuildConfiguration section */
		227B790921195D4400C15454 /* Debug */ = {
			isa = XCBuildConfiguration;
			buildSettings = {
				ALWAYS_SEARCH_USER_PATHS = NO;
				CLANG_ANALYZER_NONNULL = YES;
				CLANG_ANALYZER_NUMBER_OBJECT_CONVERSION = YES_AGGRESSIVE;
				CLANG_CXX_LANGUAGE_STANDARD = "gnu++14";
				CLANG_CXX_LIBRARY = "libc++";
				CLANG_ENABLE_MODULES = YES;
				CLANG_ENABLE_OBJC_ARC = YES;
				CLANG_ENABLE_OBJC_WEAK = YES;
				CLANG_WARN_BLOCK_CAPTURE_AUTORELEASING = YES;
				CLANG_WARN_BOOL_CONVERSION = YES;
				CLANG_WARN_COMMA = YES;
				CLANG_WARN_CONSTANT_CONVERSION = YES;
				CLANG_WARN_DEPRECATED_OBJC_IMPLEMENTATIONS = YES;
				CLANG_WARN_DIRECT_OBJC_ISA_USAGE = YES_ERROR;
				CLANG_WARN_DOCUMENTATION_COMMENTS = YES;
				CLANG_WARN_EMPTY_BODY = YES;
				CLANG_WARN_ENUM_CONVERSION = YES;
				CLANG_WARN_INFINITE_RECURSION = YES;
				CLANG_WARN_INT_CONVERSION = YES;
				CLANG_WARN_NON_LITERAL_NULL_CONVERSION = YES;
				CLANG_WARN_OBJC_IMPLICIT_RETAIN_SELF = YES;
				CLANG_WARN_OBJC_LITERAL_CONVERSION = YES;
				CLANG_WARN_OBJC_ROOT_CLASS = YES_ERROR;
				CLANG_WARN_RANGE_LOOP_ANALYSIS = YES;
				CLANG_WARN_STRICT_PROTOTYPES = YES;
				CLANG_WARN_SUSPICIOUS_MOVE = YES;
				CLANG_WARN_UNGUARDED_AVAILABILITY = YES_AGGRESSIVE;
				CLANG_WARN_UNREACHABLE_CODE = YES;
				CLANG_WARN__DUPLICATE_METHOD_MATCH = YES;
				CODE_SIGN_IDENTITY = "-";
				COPY_PHASE_STRIP = NO;
				DEBUG_INFORMATION_FORMAT = dwarf;
				ENABLE_STRICT_OBJC_MSGSEND = YES;
				ENABLE_TESTABILITY = YES;
				GCC_C_LANGUAGE_STANDARD = gnu11;
				GCC_DYNAMIC_NO_PIC = NO;
				GCC_NO_COMMON_BLOCKS = YES;
				GCC_OPTIMIZATION_LEVEL = 0;
				GCC_PREPROCESSOR_DEFINITIONS = (
					"DEBUG=1",
					"$(inherited)",
				);
				GCC_WARN_64_TO_32_BIT_CONVERSION = YES;
				GCC_WARN_ABOUT_RETURN_TYPE = YES_ERROR;
				GCC_WARN_UNDECLARED_SELECTOR = YES;
				GCC_WARN_UNINITIALIZED_AUTOS = YES_AGGRESSIVE;
				GCC_WARN_UNUSED_FUNCTION = YES;
				GCC_WARN_UNUSED_VARIABLE = YES;
				MACOSX_DEPLOYMENT_TARGET = 10.13;
				MTL_ENABLE_DEBUG_INFO = YES;
				ONLY_ACTIVE_ARCH = YES;
				SDKROOT = macosx;
			};
			name = Debug;
		};
		227B790A21195D4400C15454 /* Release */ = {
			isa = XCBuildConfiguration;
			buildSettings = {
				ALWAYS_SEARCH_USER_PATHS = NO;
				CLANG_ANALYZER_NONNULL = YES;
				CLANG_ANALYZER_NUMBER_OBJECT_CONVERSION = YES_AGGRESSIVE;
				CLANG_CXX_LANGUAGE_STANDARD = "gnu++14";
				CLANG_CXX_LIBRARY = "libc++";
				CLANG_ENABLE_MODULES = YES;
				CLANG_ENABLE_OBJC_ARC = YES;
				CLANG_ENABLE_OBJC_WEAK = YES;
				CLANG_WARN_BLOCK_CAPTURE_AUTORELEASING = YES;
				CLANG_WARN_BOOL_CONVERSION = YES;
				CLANG_WARN_COMMA = YES;
				CLANG_WARN_CONSTANT_CONVERSION = YES;
				CLANG_WARN_DEPRECATED_OBJC_IMPLEMENTATIONS = YES;
				CLANG_WARN_DIRECT_OBJC_ISA_USAGE = YES_ERROR;
				CLANG_WARN_DOCUMENTATION_COMMENTS = YES;
				CLANG_WARN_EMPTY_BODY = YES;
				CLANG_WARN_ENUM_CONVERSION = YES;
				CLANG_WARN_INFINITE_RECURSION = YES;
				CLANG_WARN_INT_CONVERSION = YES;
				CLANG_WARN_NON_LITERAL_NULL_CONVERSION = YES;
				CLANG_WARN_OBJC_IMPLICIT_RETAIN_SELF = YES;
				CLANG_WARN_OBJC_LITERAL_CONVERSION = YES;
				CLANG_WARN_OBJC_ROOT_CLASS = YES_ERROR;
				CLANG_WARN_RANGE_LOOP_ANALYSIS = YES;
				CLANG_WARN_STRICT_PROTOTYPES = YES;
				CLANG_WARN_SUSPICIOUS_MOVE = YES;
				CLANG_WARN_UNGUARDED_AVAILABILITY = YES_AGGRESSIVE;
				CLANG_WARN_UNREACHABLE_CODE = YES;
				CLANG_WARN__DUPLICATE_METHOD_MATCH = YES;
				CODE_SIGN_IDENTITY = "-";
				COPY_PHASE_STRIP = NO;
				DEBUG_INFORMATION_FORMAT = "dwarf-with-dsym";
				ENABLE_NS_ASSERTIONS = NO;
				ENABLE_STRICT_OBJC_MSGSEND = YES;
				GCC_C_LANGUAGE_STANDARD = gnu11;
				GCC_NO_COMMON_BLOCKS = YES;
				GCC_WARN_64_TO_32_BIT_CONVERSION = YES;
				GCC_WARN_ABOUT_RETURN_TYPE = YES_ERROR;
				GCC_WARN_UNDECLARED_SELECTOR = YES;
				GCC_WARN_UNINITIALIZED_AUTOS = YES_AGGRESSIVE;
				GCC_WARN_UNUSED_FUNCTION = YES;
				GCC_WARN_UNUSED_VARIABLE = YES;
				MACOSX_DEPLOYMENT_TARGET = 10.13;
				MTL_ENABLE_DEBUG_INFO = NO;
				SDKROOT = macosx;
			};
			name = Release;
		};
		227B790C21195D4400C15454 /* Debug */ = {
			isa = XCBuildConfiguration;
			buildSettings = {
				ASSETCATALOG_COMPILER_APPICON_NAME = AppIcon;
				CODE_SIGN_ENTITLEMENTS = "1808TestGame-ObjC/_808TestGame_ObjC.entitlements";
				CODE_SIGN_STYLE = Automatic;
				COMBINE_HIDPI_IMAGES = YES;
				INFOPLIST_FILE = "1808TestGame-ObjC/Info.plist";
				LD_RUNPATH_SEARCH_PATHS = (
					"$(inherited)",
					"@executable_path/../Frameworks",
				);
				PRODUCT_BUNDLE_IDENTIFIER = "RoundBananas.-808TestGame-ObjC";
				PRODUCT_NAME = "$(TARGET_NAME)";
			};
			name = Debug;
		};
		227B790D21195D4400C15454 /* Release */ = {
			isa = XCBuildConfiguration;
			buildSettings = {
				ASSETCATALOG_COMPILER_APPICON_NAME = AppIcon;
				CODE_SIGN_ENTITLEMENTS = "1808TestGame-ObjC/_808TestGame_ObjC.entitlements";
				CODE_SIGN_STYLE = Automatic;
				COMBINE_HIDPI_IMAGES = YES;
				INFOPLIST_FILE = "1808TestGame-ObjC/Info.plist";
				LD_RUNPATH_SEARCH_PATHS = (
					"$(inherited)",
					"@executable_path/../Frameworks",
				);
				PRODUCT_BUNDLE_IDENTIFIER = "RoundBananas.-808TestGame-ObjC";
				PRODUCT_NAME = "$(TARGET_NAME)";
			};
			name = Release;
		};
		227B790F21195D4400C15454 /* Debug */ = {
			isa = XCBuildConfiguration;
			buildSettings = {
				BUNDLE_LOADER = "$(TEST_HOST)";
				CODE_SIGN_STYLE = Automatic;
				COMBINE_HIDPI_IMAGES = YES;
				INFOPLIST_FILE = "1808TestGame-ObjCTests/Info.plist";
				LD_RUNPATH_SEARCH_PATHS = (
					"$(inherited)",
					"@executable_path/../Frameworks",
					"@loader_path/../Frameworks",
				);
				PRODUCT_BUNDLE_IDENTIFIER = "RoundBananas.-808TestGame-ObjCTests";
				PRODUCT_NAME = "$(TARGET_NAME)";
				TEST_HOST = "$(BUILT_PRODUCTS_DIR)/1808TestGame-ObjC.app/Contents/MacOS/1808TestGame-ObjC";
			};
			name = Debug;
		};
		227B791021195D4400C15454 /* Release */ = {
			isa = XCBuildConfiguration;
			buildSettings = {
				BUNDLE_LOADER = "$(TEST_HOST)";
				CODE_SIGN_STYLE = Automatic;
				COMBINE_HIDPI_IMAGES = YES;
				INFOPLIST_FILE = "1808TestGame-ObjCTests/Info.plist";
				LD_RUNPATH_SEARCH_PATHS = (
					"$(inherited)",
					"@executable_path/../Frameworks",
					"@loader_path/../Frameworks",
				);
				PRODUCT_BUNDLE_IDENTIFIER = "RoundBananas.-808TestGame-ObjCTests";
				PRODUCT_NAME = "$(TARGET_NAME)";
				TEST_HOST = "$(BUILT_PRODUCTS_DIR)/1808TestGame-ObjC.app/Contents/MacOS/1808TestGame-ObjC";
			};
			name = Release;
		};
		227B791221195D4400C15454 /* Debug */ = {
			isa = XCBuildConfiguration;
			buildSettings = {
				CODE_SIGN_STYLE = Automatic;
				COMBINE_HIDPI_IMAGES = YES;
				INFOPLIST_FILE = "1808TestGame-ObjCUITests/Info.plist";
				LD_RUNPATH_SEARCH_PATHS = (
					"$(inherited)",
					"@executable_path/../Frameworks",
					"@loader_path/../Frameworks",
				);
				PRODUCT_BUNDLE_IDENTIFIER = "RoundBananas.-808TestGame-ObjCUITests";
				PRODUCT_NAME = "$(TARGET_NAME)";
				TEST_TARGET_NAME = "1808TestGame-ObjC";
			};
			name = Debug;
		};
		227B791321195D4400C15454 /* Release */ = {
			isa = XCBuildConfiguration;
			buildSettings = {
				CODE_SIGN_STYLE = Automatic;
				COMBINE_HIDPI_IMAGES = YES;
				INFOPLIST_FILE = "1808TestGame-ObjCUITests/Info.plist";
				LD_RUNPATH_SEARCH_PATHS = (
					"$(inherited)",
					"@executable_path/../Frameworks",
					"@loader_path/../Frameworks",
				);
				PRODUCT_BUNDLE_IDENTIFIER = "RoundBananas.-808TestGame-ObjCUITests";
				PRODUCT_NAME = "$(TARGET_NAME)";
				TEST_TARGET_NAME = "1808TestGame-ObjC";
			};
			name = Release;
		};
/* End XCBuildConfiguration section */

/* Begin XCConfigurationList section */
		227B78D521195D4100C15454 /* Build configuration list for PBXProject "1808TestGame-ObjC" */ = {
			isa = XCConfigurationList;
			buildConfigurations = (
				227B790921195D4400C15454 /* Debug */,
				227B790A21195D4400C15454 /* Release */,
			);
			defaultConfigurationIsVisible = 0;
			defaultConfigurationName = Release;
		};
		227B790B21195D4400C15454 /* Build configuration list for PBXNativeTarget "1808TestGame-ObjC" */ = {
			isa = XCConfigurationList;
			buildConfigurations = (
				227B790C21195D4400C15454 /* Debug */,
				227B790D21195D4400C15454 /* Release */,
			);
			defaultConfigurationIsVisible = 0;
			defaultConfigurationName = Release;
		};
		227B790E21195D4400C15454 /* Build configuration list for PBXNativeTarget "1808TestGame-ObjCTests" */ = {
			isa = XCConfigurationList;
			buildConfigurations = (
				227B790F21195D4400C15454 /* Debug */,
				227B791021195D4400C15454 /* Release */,
			);
			defaultConfigurationIsVisible = 0;
			defaultConfigurationName = Release;
		};
		227B791121195D4400C15454 /* Build configuration list for PBXNativeTarget "1808TestGame-ObjCUITests" */ = {
			isa = XCConfigurationList;
			buildConfigurations = (
				227B791221195D4400C15454 /* Debug */,
				227B791321195D4400C15454 /* Release */,
			);
			defaultConfigurationIsVisible = 0;
			defaultConfigurationName = Release;
		};
/* End XCConfigurationList section */
	};
	rootObject = 227B78D221195D4100C15454 /* Project object */;
}
